lockfileVersion: 5.4

specifiers:
  '@types/node': ^18.11.10
  prettier: ^2.8.0
  typescript: 5.0.0-dev.20221202

devDependencies:
  '@types/node': 18.11.10
  prettier: 2.8.0
  typescript: 5.0.0-dev.20221202

packages:

  /@types/node/18.11.10:
    resolution: {integrity: sha512-juG3RWMBOqcOuXC643OAdSA525V44cVgGV6dUDuiFtss+8Fk5x1hI93Rsld43VeJVIeqlP9I7Fn9/qaVqoEAuQ==}
    dev: true

  /prettier/2.8.0:
    resolution: {integrity: sha512-9Lmg8hTFZKG0Asr/kW9Bp8tJjRVluO8EJQVfY2T7FMw9T5jy4I/Uvx0Rca/XWf50QQ1/SS48+6IJWnrb+2yemA==}
    engines: {node: '>=10.13.0'}
    hasBin: true
    dev: true

  /typescript/5.0.0-dev.20221202:
    resolution: {integrity: sha512-HuvktBN/shznXMoHbebznvAGTuWSGOqyqIddiXcgn0SV7e004lIuLZXRqEdoqlX87nFZp/pkicSsN+y5vuNPNQ==}
    engines: {node: '>=4.2.0'}
    hasBin: true
    dev: true
